
Microsoft Visual Studio Solution File, Format Version 12.00
# Visual Studio 14
VisualStudioVersion = 14.0.23107.0
MinimumVisualStudioVersion = 10.0.40219.1
Project("{FAE04EC0-301F-11D3-BF4B-00C04F79EFBC}") = "Morada_da_paz_Biblioteca", "Morada_da_paz_Biblioteca\Morada_da_paz_Biblioteca.csproj", "{63A33CE4-75F0-4ABE-973C-64B67ADD69A7}"
EndProject
Project("{FAE04EC0-301F-11D3-BF4B-00C04F79EFBC}") = "Forms_Morada_da_Paz", "Forms_Morada_da_Paz\projeto_morada_da_paz\Forms_Morada_da_Paz.csproj", "{FCA823AD-0C70-487F-BEF2-7D7D4D498DF7}"
EndProject
Global
	GlobalSection(SolutionConfigurationPlatforms) = preSolution
		Debug|Any CPU = Debug|Any CPU
		Release|Any CPU = Release|Any CPU
	EndGlobalSection
	GlobalSection(ProjectConfigurationPlatforms) = postSolution
		{63A33CE4-75F0-4ABE-973C-64B67ADD69A7}.Debug|Any CPU.ActiveCfg = Debug|Any CPU
		{63A33CE4-75F0-4ABE-973C-64B67ADD69A7}.Debug|Any CPU.Build.0 = Debug|Any CPU
		{63A33CE4-75F0-4ABE-973C-64B67ADD69A7}.Release|Any CPU.ActiveCfg = Release|Any CPU
		{63A33CE4-75F0-4ABE-973C-64B67ADD69A7}.Release|Any CPU.Build.0 = Release|Any CPU
		{FCA823AD-0C70-487F-BEF2-7D7D4D498DF7}.Debug|Any CPU.ActiveCfg = Debug|Any CPU
		{FCA823AD-0C70-487F-BEF2-7D7D4D498DF7}.Debug|Any CPU.Build.0 = Debug|Any CPU
		{FCA823AD-0C70-487F-BEF2-7D7D4D498DF7}.Release|Any CPU.ActiveCfg = Release|Any CPU
		{FCA823AD-0C70-487F-BEF2-7D7D4D498DF7}.Release|Any CPU.Build.0 = Release|Any CPU
	EndGlobalSection
	GlobalSection(SolutionProperties) = preSolution
		HideSolutionNode = FALSE
	EndGlobalSection
EndGlobal
